# THIS IS AN AUTOGENERATED FILE. DO NOT EDIT THIS FILE DIRECTLY.
# yarn lockfile v1


fp-ts@^2.6.2:
  version "2.6.2"
  resolved "https://registry.yarnpkg.com/fp-ts/-/fp-ts-2.6.2.tgz#0115221e223e0e4a1d08d93c0ebaee9241688cd1"
  integrity sha512-RUm0iNcD7eMFZo6W1K10kqi0DyYX06lbbjyNgKwEWg1kPZw91ZXlkEx/9cII1x/jY4fHzh14+Hquk5sJnXBzQA==

typescript@^3.9.3:
  version "3.9.3"
  resolved "https://registry.yarnpkg.com/typescript/-/typescript-3.9.3.tgz#d3ac8883a97c26139e42df5e93eeece33d610b8a"
  integrity sha512-D/wqnB2xzNFIcoBG9FG8cXRDjiqSTbG2wd8DMZeQyJlP1vfTkIxH4GKveWaEBYySKIg+USu+E+EDIR47SqnaMQ==
